
Microsoft Visual Studio Solution File, Format Version 12.00
# Visual Studio 15
VisualStudioVersion = 15.0.26403.0
MinimumVisualStudioVersion = 10.0.40219.1
Project("{2150E333-8FDC-42A3-9474-1A3956D46DE8}") = "MultiThreading", "MultiThreading", "{FC0739A9-A131-4166-A3EC-0D1B7A39FE76}"
EndProject
Project("{2150E333-8FDC-42A3-9474-1A3956D46DE8}") = "SingleThread", "SingleThread", "{61191626-B841-4F29-A938-99B5A0F8969C}"
EndProject
Project("{FAE04EC0-301F-11D3-BF4B-00C04F79EFBC}") = "SingleThreadAndUnderstanding", "SingleThreadAndUnderstanding\SingleThreadAndUnderstanding.csproj", "{EC12BBF8-CA67-495B-AC14-9F86A6EB0E7E}"
EndProject
Project("{FAE04EC0-301F-11D3-BF4B-00C04F79EFBC}") = "ProblemWithSingleThread", "ProblemWithSingleThread\ProblemWithSingleThread.csproj", "{1585FE04-C921-4DB3-ABD5-DDCC296EBE4D}"
EndProject
Project("{FAE04EC0-301F-11D3-BF4B-00C04F79EFBC}") = "SolveProblemOfSingleThread", "SolveProblemOfSingleThread\SolveProblemOfSingleThread.csproj", "{B102D62C-9510-4178-98A1-4DB4FAB3C998}"
EndProject
Project("{FAE04EC0-301F-11D3-BF4B-00C04F79EFBC}") = "ParameterThreadStart", "ParameterizedThreadStart\ParameterThreadStart.csproj", "{34705EA9-9662-4617-8219-411850B0E65F}"
EndProject
Project("{2150E333-8FDC-42A3-9474-1A3956D46DE8}") = "ParameretrizedThread", "ParameretrizedThread", "{3A76ED1F-60F7-4A6F-8C7A-4C88D97506CA}"
EndProject
Project("{FAE04EC0-301F-11D3-BF4B-00C04F79EFBC}") = "ProblemSolveTypeSaftyWithParameter", "ProblemSolveTypeSaftyWithParameter\ProblemSolveTypeSaftyWithParameter.csproj", "{80128852-C35C-445C-8F00-E6F6DD8B4935}"
EndProject
Project("{2150E333-8FDC-42A3-9474-1A3956D46DE8}") = "RetrivingData", "RetrivingData", "{2BAF0B3E-77B7-4C28-929C-00B03EC43BE8}"
EndProject
Project("{FAE04EC0-301F-11D3-BF4B-00C04F79EFBC}") = "RetrieveData", "RetrieveData\RetrieveData.csproj", "{67B211B0-2C7A-4174-AC52-55488BD59ECD}"
EndProject
Project("{2150E333-8FDC-42A3-9474-1A3956D46DE8}") = "IsAliveAndJoin", "IsAliveAndJoin", "{922A51AE-B2B8-46EE-B5DC-D97B33135DE0}"
EndProject
Project("{FAE04EC0-301F-11D3-BF4B-00C04F79EFBC}") = "JoinMethod", "JoinMethod\JoinMethod.csproj", "{E79DE8BE-834A-42AF-BF82-5ECC9A723F2B}"
EndProject
Project("{FAE04EC0-301F-11D3-BF4B-00C04F79EFBC}") = "IsAlive", "IsAlivwe\IsAlive.csproj", "{7A3D7A7C-0ECE-4E70-8AA6-CEBA5EC70EE4}"
EndProject
Project("{2150E333-8FDC-42A3-9474-1A3956D46DE8}") = "MutexEx", "MutexEx", "{64494D15-ACDE-4409-97D5-1AEA0FE27849}"
EndProject
Project("{FAE04EC0-301F-11D3-BF4B-00C04F79EFBC}") = "MutexDemo", "MutexDemo\MutexDemo.csproj", "{59DEB472-CCA8-42DF-844A-F05959F9C091}"
EndProject
Project("{2150E333-8FDC-42A3-9474-1A3956D46DE8}") = "SemaphoreEx", "SemaphoreEx", "{F7239CA8-C3E3-4465-BE9C-2444CE8D948A}"
EndProject
Project("{FAE04EC0-301F-11D3-BF4B-00C04F79EFBC}") = "SemaphoreDemo", "SemaphoreDemo\SemaphoreDemo.csproj", "{7783BD20-5BCC-4D6C-B0C2-083A760024F2}"
EndProject
Project("{2150E333-8FDC-42A3-9474-1A3956D46DE8}") = "DeadLockDemo", "DeadLockDemo", "{5983BF40-578E-443B-9B88-9CB28193E0D3}"
EndProject
Project("{FAE04EC0-301F-11D3-BF4B-00C04F79EFBC}") = "DeadlockingProblemDemo", "DeadlockingProblemDemo\DeadlockingProblemDemo.csproj", "{622861AB-27FF-4393-B5DE-64B290601535}"
EndProject
Project("{FAE04EC0-301F-11D3-BF4B-00C04F79EFBC}") = "AvoidDeadlock", "AvoidDeadlock\AvoidDeadlock.csproj", "{3CBCFB04-D27C-4BFD-ABF5-AEAF70A876E0}"
EndProject
Project("{2150E333-8FDC-42A3-9474-1A3956D46DE8}") = "PerformaceTesting", "PerformaceTesting", "{9AED4CC6-F480-4DB8-B825-A2092148AC14}"
EndProject
Project("{FAE04EC0-301F-11D3-BF4B-00C04F79EFBC}") = "WithSingleThread", "WithSingleThread\WithSingleThread.csproj", "{BADACB05-1303-4D52-9748-9E253345441B}"
EndProject
Project("{FAE04EC0-301F-11D3-BF4B-00C04F79EFBC}") = "WithMultipleThreadMoreCors", "WithMultipleThreadMoreCors\WithMultipleThreadMoreCors.csproj", "{776BE3C5-F421-42F4-BF3F-D6FFED4A9E78}"
EndProject
Project("{2150E333-8FDC-42A3-9474-1A3956D46DE8}") = "DelegatesLab", "DelegatesLab", "{72CA225A-A782-4F66-BAE0-670F0ACD99E0}"
EndProject
Project("{2150E333-8FDC-42A3-9474-1A3956D46DE8}") = "TaskAsynchronousLab", "TaskAsynchronousLab", "{CF64C5A3-DFF6-4040-93F4-6380B0DD4DD5}"
EndProject
Project("{2150E333-8FDC-42A3-9474-1A3956D46DE8}") = "ParallelLab", "ParallelLab", "{AAC87A4A-97AC-41A5-A2FF-5772B855A798}"
EndProject
Project("{FAE04EC0-301F-11D3-BF4B-00C04F79EFBC}") = "TaskWithStart", "TaskWithStart\TaskWithStart.csproj", "{3356A6B8-6BCE-4663-8D76-F4F8FF8F22CD}"
EndProject
Project("{FAE04EC0-301F-11D3-BF4B-00C04F79EFBC}") = "TaskObjectUsingFactoryProperty", "TaskObjectUsingFactoryProperty\TaskObjectUsingFactoryProperty.csproj", "{3752C9DC-2DA2-4D1B-83EC-0F3E8CA63DCB}"
EndProject
Project("{FAE04EC0-301F-11D3-BF4B-00C04F79EFBC}") = "TaskObjectUsingRunMethod", "TaskObjectUsingRunMethod\TaskObjectUsingRunMethod.csproj", "{9B0E211A-4DAB-4479-8245-57D60269ED3D}"
EndProject
Project("{FAE04EC0-301F-11D3-BF4B-00C04F79EFBC}") = "TaskUsingWait", "TaskUsingWait\TaskUsingWait.csproj", "{934FE764-E991-4236-8977-6F9B71BC34CD}"
EndProject
Project("{2150E333-8FDC-42A3-9474-1A3956D46DE8}") = "TaskCreationAndWait", "TaskCreationAndWait", "{5871A6B6-EE69-49DF-A9B4-3FBAB03A7735}"
EndProject
Project("{2150E333-8FDC-42A3-9474-1A3956D46DE8}") = "TaskRetuningValues", "TaskRetuningValues", "{8B606687-DF58-4D58-99EC-28C4A6C8C40D}"
EndProject
Project("{FAE04EC0-301F-11D3-BF4B-00C04F79EFBC}") = "ReturningPrimitiveData", "ReturningPrimitiveData\ReturningPrimitiveData.csproj", "{B589C85B-5628-4AE7-A6B4-8FB7C4E220DB}"
EndProject
Project("{FAE04EC0-301F-11D3-BF4B-00C04F79EFBC}") = "ReturningComplexData", "ReturningComplexData\ReturningComplexData.csproj", "{6F54B932-A31A-460E-963F-B1E75AE7D6D3}"
EndProject
Global
	GlobalSection(SolutionConfigurationPlatforms) = preSolution
		Debug|Any CPU = Debug|Any CPU
		Release|Any CPU = Release|Any CPU
	EndGlobalSection
	GlobalSection(ProjectConfigurationPlatforms) = postSolution
		{EC12BBF8-CA67-495B-AC14-9F86A6EB0E7E}.Debug|Any CPU.ActiveCfg = Debug|Any CPU
		{EC12BBF8-CA67-495B-AC14-9F86A6EB0E7E}.Debug|Any CPU.Build.0 = Debug|Any CPU
		{EC12BBF8-CA67-495B-AC14-9F86A6EB0E7E}.Release|Any CPU.ActiveCfg = Release|Any CPU
		{EC12BBF8-CA67-495B-AC14-9F86A6EB0E7E}.Release|Any CPU.Build.0 = Release|Any CPU
		{1585FE04-C921-4DB3-ABD5-DDCC296EBE4D}.Debug|Any CPU.ActiveCfg = Debug|Any CPU
		{1585FE04-C921-4DB3-ABD5-DDCC296EBE4D}.Debug|Any CPU.Build.0 = Debug|Any CPU
		{1585FE04-C921-4DB3-ABD5-DDCC296EBE4D}.Release|Any CPU.ActiveCfg = Release|Any CPU
		{1585FE04-C921-4DB3-ABD5-DDCC296EBE4D}.Release|Any CPU.Build.0 = Release|Any CPU
		{B102D62C-9510-4178-98A1-4DB4FAB3C998}.Debug|Any CPU.ActiveCfg = Debug|Any CPU
		{B102D62C-9510-4178-98A1-4DB4FAB3C998}.Debug|Any CPU.Build.0 = Debug|Any CPU
		{B102D62C-9510-4178-98A1-4DB4FAB3C998}.Release|Any CPU.ActiveCfg = Release|Any CPU
		{B102D62C-9510-4178-98A1-4DB4FAB3C998}.Release|Any CPU.Build.0 = Release|Any CPU
		{34705EA9-9662-4617-8219-411850B0E65F}.Debug|Any CPU.ActiveCfg = Debug|Any CPU
		{34705EA9-9662-4617-8219-411850B0E65F}.Debug|Any CPU.Build.0 = Debug|Any CPU
		{34705EA9-9662-4617-8219-411850B0E65F}.Release|Any CPU.ActiveCfg = Release|Any CPU
		{34705EA9-9662-4617-8219-411850B0E65F}.Release|Any CPU.Build.0 = Release|Any CPU
		{80128852-C35C-445C-8F00-E6F6DD8B4935}.Debug|Any CPU.ActiveCfg = Debug|Any CPU
		{80128852-C35C-445C-8F00-E6F6DD8B4935}.Debug|Any CPU.Build.0 = Debug|Any CPU
		{80128852-C35C-445C-8F00-E6F6DD8B4935}.Release|Any CPU.ActiveCfg = Release|Any CPU
		{80128852-C35C-445C-8F00-E6F6DD8B4935}.Release|Any CPU.Build.0 = Release|Any CPU
		{67B211B0-2C7A-4174-AC52-55488BD59ECD}.Debug|Any CPU.ActiveCfg = Debug|Any CPU
		{67B211B0-2C7A-4174-AC52-55488BD59ECD}.Debug|Any CPU.Build.0 = Debug|Any CPU
		{67B211B0-2C7A-4174-AC52-55488BD59ECD}.Release|Any CPU.ActiveCfg = Release|Any CPU
		{67B211B0-2C7A-4174-AC52-55488BD59ECD}.Release|Any CPU.Build.0 = Release|Any CPU
		{E79DE8BE-834A-42AF-BF82-5ECC9A723F2B}.Debug|Any CPU.ActiveCfg = Debug|Any CPU
		{E79DE8BE-834A-42AF-BF82-5ECC9A723F2B}.Debug|Any CPU.Build.0 = Debug|Any CPU
		{E79DE8BE-834A-42AF-BF82-5ECC9A723F2B}.Release|Any CPU.ActiveCfg = Release|Any CPU
		{E79DE8BE-834A-42AF-BF82-5ECC9A723F2B}.Release|Any CPU.Build.0 = Release|Any CPU
		{7A3D7A7C-0ECE-4E70-8AA6-CEBA5EC70EE4}.Debug|Any CPU.ActiveCfg = Debug|Any CPU
		{7A3D7A7C-0ECE-4E70-8AA6-CEBA5EC70EE4}.Debug|Any CPU.Build.0 = Debug|Any CPU
		{7A3D7A7C-0ECE-4E70-8AA6-CEBA5EC70EE4}.Release|Any CPU.ActiveCfg = Release|Any CPU
		{7A3D7A7C-0ECE-4E70-8AA6-CEBA5EC70EE4}.Release|Any CPU.Build.0 = Release|Any CPU
		{59DEB472-CCA8-42DF-844A-F05959F9C091}.Debug|Any CPU.ActiveCfg = Debug|Any CPU
		{59DEB472-CCA8-42DF-844A-F05959F9C091}.Debug|Any CPU.Build.0 = Debug|Any CPU
		{59DEB472-CCA8-42DF-844A-F05959F9C091}.Release|Any CPU.ActiveCfg = Release|Any CPU
		{59DEB472-CCA8-42DF-844A-F05959F9C091}.Release|Any CPU.Build.0 = Release|Any CPU
		{7783BD20-5BCC-4D6C-B0C2-083A760024F2}.Debug|Any CPU.ActiveCfg = Debug|Any CPU
		{7783BD20-5BCC-4D6C-B0C2-083A760024F2}.Debug|Any CPU.Build.0 = Debug|Any CPU
		{7783BD20-5BCC-4D6C-B0C2-083A760024F2}.Release|Any CPU.ActiveCfg = Release|Any CPU
		{7783BD20-5BCC-4D6C-B0C2-083A760024F2}.Release|Any CPU.Build.0 = Release|Any CPU
		{622861AB-27FF-4393-B5DE-64B290601535}.Debug|Any CPU.ActiveCfg = Debug|Any CPU
		{622861AB-27FF-4393-B5DE-64B290601535}.Debug|Any CPU.Build.0 = Debug|Any CPU
		{622861AB-27FF-4393-B5DE-64B290601535}.Release|Any CPU.ActiveCfg = Release|Any CPU
		{622861AB-27FF-4393-B5DE-64B290601535}.Release|Any CPU.Build.0 = Release|Any CPU
		{3CBCFB04-D27C-4BFD-ABF5-AEAF70A876E0}.Debug|Any CPU.ActiveCfg = Debug|Any CPU
		{3CBCFB04-D27C-4BFD-ABF5-AEAF70A876E0}.Debug|Any CPU.Build.0 = Debug|Any CPU
		{3CBCFB04-D27C-4BFD-ABF5-AEAF70A876E0}.Release|Any CPU.ActiveCfg = Release|Any CPU
		{3CBCFB04-D27C-4BFD-ABF5-AEAF70A876E0}.Release|Any CPU.Build.0 = Release|Any CPU
		{BADACB05-1303-4D52-9748-9E253345441B}.Debug|Any CPU.ActiveCfg = Debug|Any CPU
		{BADACB05-1303-4D52-9748-9E253345441B}.Debug|Any CPU.Build.0 = Debug|Any CPU
		{BADACB05-1303-4D52-9748-9E253345441B}.Release|Any CPU.ActiveCfg = Release|Any CPU
		{BADACB05-1303-4D52-9748-9E253345441B}.Release|Any CPU.Build.0 = Release|Any CPU
		{776BE3C5-F421-42F4-BF3F-D6FFED4A9E78}.Debug|Any CPU.ActiveCfg = Debug|Any CPU
		{776BE3C5-F421-42F4-BF3F-D6FFED4A9E78}.Debug|Any CPU.Build.0 = Debug|Any CPU
		{776BE3C5-F421-42F4-BF3F-D6FFED4A9E78}.Release|Any CPU.ActiveCfg = Release|Any CPU
		{776BE3C5-F421-42F4-BF3F-D6FFED4A9E78}.Release|Any CPU.Build.0 = Release|Any CPU
		{3356A6B8-6BCE-4663-8D76-F4F8FF8F22CD}.Debug|Any CPU.ActiveCfg = Debug|Any CPU
		{3356A6B8-6BCE-4663-8D76-F4F8FF8F22CD}.Debug|Any CPU.Build.0 = Debug|Any CPU
		{3356A6B8-6BCE-4663-8D76-F4F8FF8F22CD}.Release|Any CPU.ActiveCfg = Release|Any CPU
		{3356A6B8-6BCE-4663-8D76-F4F8FF8F22CD}.Release|Any CPU.Build.0 = Release|Any CPU
		{3752C9DC-2DA2-4D1B-83EC-0F3E8CA63DCB}.Debug|Any CPU.ActiveCfg = Debug|Any CPU
		{3752C9DC-2DA2-4D1B-83EC-0F3E8CA63DCB}.Debug|Any CPU.Build.0 = Debug|Any CPU
		{3752C9DC-2DA2-4D1B-83EC-0F3E8CA63DCB}.Release|Any CPU.ActiveCfg = Release|Any CPU
		{3752C9DC-2DA2-4D1B-83EC-0F3E8CA63DCB}.Release|Any CPU.Build.0 = Release|Any CPU
		{9B0E211A-4DAB-4479-8245-57D60269ED3D}.Debug|Any CPU.ActiveCfg = Debug|Any CPU
		{9B0E211A-4DAB-4479-8245-57D60269ED3D}.Debug|Any CPU.Build.0 = Debug|Any CPU
		{9B0E211A-4DAB-4479-8245-57D60269ED3D}.Release|Any CPU.ActiveCfg = Release|Any CPU
		{9B0E211A-4DAB-4479-8245-57D60269ED3D}.Release|Any CPU.Build.0 = Release|Any CPU
		{934FE764-E991-4236-8977-6F9B71BC34CD}.Debug|Any CPU.ActiveCfg = Debug|Any CPU
		{934FE764-E991-4236-8977-6F9B71BC34CD}.Debug|Any CPU.Build.0 = Debug|Any CPU
		{934FE764-E991-4236-8977-6F9B71BC34CD}.Release|Any CPU.ActiveCfg = Release|Any CPU
		{934FE764-E991-4236-8977-6F9B71BC34CD}.Release|Any CPU.Build.0 = Release|Any CPU
		{B589C85B-5628-4AE7-A6B4-8FB7C4E220DB}.Debug|Any CPU.ActiveCfg = Debug|Any CPU
		{B589C85B-5628-4AE7-A6B4-8FB7C4E220DB}.Debug|Any CPU.Build.0 = Debug|Any CPU
		{B589C85B-5628-4AE7-A6B4-8FB7C4E220DB}.Release|Any CPU.ActiveCfg = Release|Any CPU
		{B589C85B-5628-4AE7-A6B4-8FB7C4E220DB}.Release|Any CPU.Build.0 = Release|Any CPU
		{6F54B932-A31A-460E-963F-B1E75AE7D6D3}.Debug|Any CPU.ActiveCfg = Debug|Any CPU
		{6F54B932-A31A-460E-963F-B1E75AE7D6D3}.Debug|Any CPU.Build.0 = Debug|Any CPU
		{6F54B932-A31A-460E-963F-B1E75AE7D6D3}.Release|Any CPU.ActiveCfg = Release|Any CPU
		{6F54B932-A31A-460E-963F-B1E75AE7D6D3}.Release|Any CPU.Build.0 = Release|Any CPU
	EndGlobalSection
	GlobalSection(SolutionProperties) = preSolution
		HideSolutionNode = FALSE
	EndGlobalSection
	GlobalSection(NestedProjects) = preSolution
		{61191626-B841-4F29-A938-99B5A0F8969C} = {FC0739A9-A131-4166-A3EC-0D1B7A39FE76}
		{EC12BBF8-CA67-495B-AC14-9F86A6EB0E7E} = {61191626-B841-4F29-A938-99B5A0F8969C}
		{1585FE04-C921-4DB3-ABD5-DDCC296EBE4D} = {61191626-B841-4F29-A938-99B5A0F8969C}
		{B102D62C-9510-4178-98A1-4DB4FAB3C998} = {61191626-B841-4F29-A938-99B5A0F8969C}
		{34705EA9-9662-4617-8219-411850B0E65F} = {3A76ED1F-60F7-4A6F-8C7A-4C88D97506CA}
		{3A76ED1F-60F7-4A6F-8C7A-4C88D97506CA} = {FC0739A9-A131-4166-A3EC-0D1B7A39FE76}
		{80128852-C35C-445C-8F00-E6F6DD8B4935} = {3A76ED1F-60F7-4A6F-8C7A-4C88D97506CA}
		{2BAF0B3E-77B7-4C28-929C-00B03EC43BE8} = {FC0739A9-A131-4166-A3EC-0D1B7A39FE76}
		{67B211B0-2C7A-4174-AC52-55488BD59ECD} = {2BAF0B3E-77B7-4C28-929C-00B03EC43BE8}
		{922A51AE-B2B8-46EE-B5DC-D97B33135DE0} = {FC0739A9-A131-4166-A3EC-0D1B7A39FE76}
		{E79DE8BE-834A-42AF-BF82-5ECC9A723F2B} = {922A51AE-B2B8-46EE-B5DC-D97B33135DE0}
		{7A3D7A7C-0ECE-4E70-8AA6-CEBA5EC70EE4} = {922A51AE-B2B8-46EE-B5DC-D97B33135DE0}
		{64494D15-ACDE-4409-97D5-1AEA0FE27849} = {FC0739A9-A131-4166-A3EC-0D1B7A39FE76}
		{59DEB472-CCA8-42DF-844A-F05959F9C091} = {64494D15-ACDE-4409-97D5-1AEA0FE27849}
		{F7239CA8-C3E3-4465-BE9C-2444CE8D948A} = {FC0739A9-A131-4166-A3EC-0D1B7A39FE76}
		{7783BD20-5BCC-4D6C-B0C2-083A760024F2} = {F7239CA8-C3E3-4465-BE9C-2444CE8D948A}
		{5983BF40-578E-443B-9B88-9CB28193E0D3} = {FC0739A9-A131-4166-A3EC-0D1B7A39FE76}
		{622861AB-27FF-4393-B5DE-64B290601535} = {5983BF40-578E-443B-9B88-9CB28193E0D3}
		{3CBCFB04-D27C-4BFD-ABF5-AEAF70A876E0} = {5983BF40-578E-443B-9B88-9CB28193E0D3}
		{9AED4CC6-F480-4DB8-B825-A2092148AC14} = {FC0739A9-A131-4166-A3EC-0D1B7A39FE76}
		{BADACB05-1303-4D52-9748-9E253345441B} = {9AED4CC6-F480-4DB8-B825-A2092148AC14}
		{776BE3C5-F421-42F4-BF3F-D6FFED4A9E78} = {9AED4CC6-F480-4DB8-B825-A2092148AC14}
		{3356A6B8-6BCE-4663-8D76-F4F8FF8F22CD} = {5871A6B6-EE69-49DF-A9B4-3FBAB03A7735}
		{3752C9DC-2DA2-4D1B-83EC-0F3E8CA63DCB} = {5871A6B6-EE69-49DF-A9B4-3FBAB03A7735}
		{9B0E211A-4DAB-4479-8245-57D60269ED3D} = {5871A6B6-EE69-49DF-A9B4-3FBAB03A7735}
		{934FE764-E991-4236-8977-6F9B71BC34CD} = {5871A6B6-EE69-49DF-A9B4-3FBAB03A7735}
		{5871A6B6-EE69-49DF-A9B4-3FBAB03A7735} = {CF64C5A3-DFF6-4040-93F4-6380B0DD4DD5}
		{8B606687-DF58-4D58-99EC-28C4A6C8C40D} = {CF64C5A3-DFF6-4040-93F4-6380B0DD4DD5}
		{B589C85B-5628-4AE7-A6B4-8FB7C4E220DB} = {8B606687-DF58-4D58-99EC-28C4A6C8C40D}
		{6F54B932-A31A-460E-963F-B1E75AE7D6D3} = {8B606687-DF58-4D58-99EC-28C4A6C8C40D}
	EndGlobalSection
EndGlobal
